
Microsoft Visual Studio Solution File, Format Version 12.00
# Visual Studio Version 16
VisualStudioVersion = 16.0.30523.141
MinimumVisualStudioVersion = 10.0.40219.1
Project("{FAE04EC0-301F-11D3-BF4B-00C04F79EFBC}") = "Triangle", "Triangle\Triangle.csproj", "{E2C82054-AA98-4AF5-A3CD-D7398E92C86D}"
EndProject
Global
	GlobalSection(SolutionConfigurationPlatforms) = preSolution
		Debug|Any CPU = Debug|Any CPU
		Release|Any CPU = Release|Any CPU
	EndGlobalSection
	GlobalSection(ProjectConfigurationPlatforms) = postSolution
		{E2C82054-AA98-4AF5-A3CD-D7398E92C86D}.Debug|Any CPU.ActiveCfg = Debug|Any CPU
		{E2C82054-AA98-4AF5-A3CD-D7398E92C86D}.Debug|Any CPU.Build.0 = Debug|Any CPU
		{E2C82054-AA98-4AF5-A3CD-D7398E92C86D}.Release|Any CPU.ActiveCfg = Release|Any CPU
		{E2C82054-AA98-4AF5-A3CD-D7398E92C86D}.Release|Any CPU.Build.0 = Release|Any CPU
	EndGlobalSection
	GlobalSection(SolutionProperties) = preSolution
		HideSolutionNode = FALSE
	EndGlobalSection
	GlobalSection(ExtensibilityGlobals) = postSolution
		SolutionGuid = {33523891-2E68-4BCC-8779-C5458B77BC99}
	EndGlobalSection
EndGlobal
