
Microsoft Visual Studio Solution File, Format Version 12.00
# Visual Studio Version 16
VisualStudioVersion = 16.0.30523.141
MinimumVisualStudioVersion = 10.0.40219.1
Project("{FAE04EC0-301F-11D3-BF4B-00C04F79EFBC}") = "Triangle", "Triangle\Triangle.csproj", "{23B2C553-AF95-4FB9-8A7B-4479F68CD45D}"
EndProject
Global
	GlobalSection(SolutionConfigurationPlatforms) = preSolution
		Debug|Any CPU = Debug|Any CPU
		Release|Any CPU = Release|Any CPU
	EndGlobalSection
	GlobalSection(ProjectConfigurationPlatforms) = postSolution
		{23B2C553-AF95-4FB9-8A7B-4479F68CD45D}.Debug|Any CPU.ActiveCfg = Debug|Any CPU
		{23B2C553-AF95-4FB9-8A7B-4479F68CD45D}.Debug|Any CPU.Build.0 = Debug|Any CPU
		{23B2C553-AF95-4FB9-8A7B-4479F68CD45D}.Release|Any CPU.ActiveCfg = Release|Any CPU
		{23B2C553-AF95-4FB9-8A7B-4479F68CD45D}.Release|Any CPU.Build.0 = Release|Any CPU
	EndGlobalSection
	GlobalSection(SolutionProperties) = preSolution
		HideSolutionNode = FALSE
	EndGlobalSection
	GlobalSection(ExtensibilityGlobals) = postSolution
		SolutionGuid = {C2929B1C-0C97-47B4-8451-B5A928ABA3C4}
	EndGlobalSection
EndGlobal
